<?xml version="1.0" encoding="utf-8"?>
<Project ToolsVersion="4.0" xmlns="http://schemas.microsoft.com/developer/msbuild/2003">
  <ItemGroup>
    <Filter Include="Source Files">
      <UniqueIdentifier>{4FC737F1-C7A5-4376-A066-2A32D752A2FF}</UniqueIdentifier>
      <Extensions>cpp;c;cc;cxx;c++;cppm;ixx;def;odl;idl;hpj;bat;asm;asmx</Extensions>
    </Filter>
    <Filter Include="Header Files">
      <UniqueIdentifier>{93995380-89BD-4b04-88EB-625FBE52EBFB}</UniqueIdentifier>
      <Extensions>h;hh;hpp;hxx;h++;hm;inl;inc;ipp;xsd</Extensions>
    </Filter>
    <Filter Include="Resource Files">
      <UniqueIdentifier>{67DA6AB6-F800-4c08-8B7A-83BB121AAD01}</UniqueIdentifier>
      <Extensions>rc;ico;cur;bmp;dlg;rc2;rct;bin;rgs;gif;jpg;jpeg;jpe;resx;tiff;tif;png;wav;mfcribbon-ms</Extensions>
    </Filter>
  </ItemGroup>
  <ItemGroup>
    <ClCompile Include="main.cpp">
      <Filter>Source Files</Filter>
    </ClCompile>
    <ClCompile Include="Source\GameService.cpp">
      <Filter>Source Files</Filter>
    </ClCompile>
    <ClCompile Include="Source\GraphicService.cpp">
      <Filter>Source Files</Filter>
    </ClCompile>
    <ClCompile Include="Source\EventService.cpp">
      <Filter>Source Files</Filter>
    </ClCompile>
    <ClCompile Include="Source\PlayerService.cpp">
      <Filter>Source Files</Filter>
    </ClCompile>
    <ClCompile Include="Source\TimeService.cpp">
      <Filter>Source Files</Filter>
    </ClCompile>
    <ClCompile Include="Source\Player\PlayerModel.cpp">
      <Filter>Source Files</Filter>
    </ClCompile>
    <ClCompile Include="Source\Player\PlayerView.cpp">
      <Filter>Source Files</Filter>
    </ClCompile>
    <ClCompile Include="Source\Player\PlayerController.cpp">
      <Filter>Source Files</Filter>
    </ClCompile>
    <ClCompile Include="Source\UIService.cpp">
      <Filter>Source Files</Filter>
    </ClCompile>
    <ClCompile Include="Source\MainMenuUIController.cpp">
      <Filter>Source Files</Filter>
    </ClCompile>
    <ClCompile Include="Source\Enemy\EnemyService.cpp">
      <Filter>Source Files</Filter>
    </ClCompile>
    <ClCompile Include="Source\Enemy\EnemyView.cpp">
      <Filter>Source Files</Filter>
    </ClCompile>
    <ClCompile Include="Source\Enemy\EnemyController.cpp">
      <Filter>Source Files</Filter>
    </ClCompile>
    <ClCompile Include="Source\Enemy\EnemyModel.cpp">
      <Filter>Source Files</Filter>
    </ClCompile>
    <ClCompile Include="Source\Global\ServiceLocator.cpp">
      <Filter>Source Files</Filter>
    </ClCompile>
    <ClCompile Include="Source\Gameplay\GameplayService.cpp">
      <Filter>Source Files</Filter>
    </ClCompile>
    <ClCompile Include="Source\Gameplay\GameplayView.cpp">
      <Filter>Source Files</Filter>
    </ClCompile>
    <ClCompile Include="Source\Gameplay\GameplayController.cpp">
      <Filter>Source Files</Filter>
    </ClCompile>
    <ClCompile Include="Source\Enemy\Controllers\ZapperController.cpp">
      <Filter>Source Files</Filter>
    </ClCompile>
    <ClCompile Include="Source\Enemy\Controllers\SubZeroController.cpp">
      <Filter>Source Files</Filter>
    </ClCompile>
    <ClCompile Include="Source\Element\ElementService.cpp">
      <Filter>Source Files</Filter>
    </ClCompile>
    <ClCompile Include="Source\Element\Bunker\BunkerController.cpp">
      <Filter>Source Files</Filter>
    </ClCompile>
    <ClCompile Include="Source\Element\Bunker\BunkerModel.cpp">
      <Filter>Source Files</Filter>
    </ClCompile>
    <ClCompile Include="Source\Element\Bunker\BunkerView.cpp">
      <Filter>Source Files</Filter>
    </ClCompile>
    <ClCompile Include="Source\Global\Config.cpp">
      <Filter>Source Files</Filter>
    </ClCompile>
    <ClCompile Include="Source\Sound\SoundService.cpp">
      <Filter>Source Files</Filter>
    </ClCompile>
  </ItemGroup>
  <ItemGroup>
    <ClInclude Include="Headers\Graphic\GraphicService.h">
      <Filter>Header Files</Filter>
    </ClInclude>
    <ClInclude Include="Headers\Event\EventService.h">
      <Filter>Header Files</Filter>
    </ClInclude>
    <ClInclude Include="Headers\Player\PlayerService.h">
      <Filter>Header Files</Filter>
    </ClInclude>
    <ClInclude Include="Headers\Time\TimeService.h">
      <Filter>Header Files</Filter>
    </ClInclude>
    <ClInclude Include="Headers\Player\PlayerModel.h">
      <Filter>Header Files</Filter>
    </ClInclude>
    <ClInclude Include="Headers\Player\PlayerView.h">
      <Filter>Header Files</Filter>
    </ClInclude>
    <ClInclude Include="Headers\Player\PlayerController.h">
      <Filter>Header Files</Filter>
    </ClInclude>
    <ClInclude Include="Headers\UI\UIService.h">
      <Filter>Header Files</Filter>
    </ClInclude>
    <ClInclude Include="Headers\UI\MainMenu\MainMenuUIController.h">
      <Filter>Header Files</Filter>
    </ClInclude>
    <ClInclude Include="Headers\Enemy\EnemyService.h">
      <Filter>Header Files</Filter>
    </ClInclude>
    <ClInclude Include="Headers\Enemy\EnemyView.h">
      <Filter>Header Files</Filter>
    </ClInclude>
    <ClInclude Include="Headers\Enemy\EnemyModel.h">
      <Filter>Header Files</Filter>
    </ClInclude>
    <ClInclude Include="Headers\Enemy\EnemyController.h">
      <Filter>Header Files</Filter>
    </ClInclude>
    <ClInclude Include="Headers\Global\ServiceLocator.h">
      <Filter>Header Files</Filter>
    </ClInclude>
    <ClInclude Include="Headers\Main\GameService.h">
      <Filter>Header Files</Filter>
    </ClInclude>
    <ClInclude Include="Headers\Gameplay\GameplayService.h">
      <Filter>Header Files</Filter>
    </ClInclude>
    <ClInclude Include="Headers\Gameplay\GameplayView.h">
      <Filter>Header Files</Filter>
    </ClInclude>
    <ClInclude Include="Headers\Gameplay\GameplayController.h">
      <Filter>Header Files</Filter>
    </ClInclude>
    <ClInclude Include="Headers\Enemy\Controllers\ZapperController.h">
      <Filter>Header Files</Filter>
    </ClInclude>
    <ClInclude Include="Headers\Enemy\Controllers\SubZeroController.h">
      <Filter>Header Files</Filter>
    </ClInclude>
    <ClInclude Include="Headers\Enemy\EnemyConfig.h">
      <Filter>Header Files</Filter>
    </ClInclude>
    <ClInclude Include="Headers\Element\Bunker\BunkerModel.h">
      <Filter>Header Files</Filter>
    </ClInclude>
    <ClInclude Include="Headers\Element\Bunker\BunkerView.h">
      <Filter>Header Files</Filter>
    </ClInclude>
    <ClInclude Include="Headers\Element\Bunker\BunkerController.h">
      <Filter>Header Files</Filter>
    </ClInclude>
    <ClInclude Include="Headers\Element\ElementService.h">
      <Filter>Header Files</Filter>
    </ClInclude>
    <ClInclude Include="Headers\Global\Config.h">
      <Filter>Header Files</Filter>
    </ClInclude>
    <ClInclude Include="Headers\Sound\SoundService.h">
      <Filter>Header Files</Filter>
    </ClInclude>
    <ClInclude Include="Headers\Projectile\IProjectile.h">
      <Filter>Header Files</Filter>
    </ClInclude>
    <ClInclude Include="Headers\Bullet\BulletService.h">
      <Filter>Header Files</Filter>
    </ClInclude>
  </ItemGroup>
  <ItemGroup>
    <Image Include="assets\textures\bunker.png">
      <Filter>Resource Files</Filter>
    </Image>
    <Image Include="assets\textures\circle_animation.png">
      <Filter>Resource Files</Filter>
    </Image>
    <Image Include="assets\textures\explosion.png">
      <Filter>Resource Files</Filter>
    </Image>
    <Image Include="assets\textures\frost_beam.png">
      <Filter>Resource Files</Filter>
    </Image>
    <Image Include="assets\textures\instructions_button.png">
      <Filter>Resource Files</Filter>
    </Image>
    <Image Include="assets\textures\laser_bullet.png">
      <Filter>Resource Files</Filter>
    </Image>
    <Image Include="assets\textures\menu_button.png">
      <Filter>Resource Files</Filter>
    </Image>
    <Image Include="assets\textures\outscal_bomb.png">
      <Filter>Resource Files</Filter>
    </Image>
    <Image Include="assets\textures\outscal_logo.png">
      <Filter>Resource Files</Filter>
    </Image>
    <Image Include="assets\textures\play_button.png">
      <Filter>Resource Files</Filter>
    </Image>
    <Image Include="assets\textures\player_ship.png">
      <Filter>Resource Files</Filter>
    </Image>
    <Image Include="assets\textures\quit_button.png">
      <Filter>Resource Files</Filter>
    </Image>
    <Image Include="assets\textures\rapid_fire.png">
      <Filter>Resource Files</Filter>
    </Image>
    <Image Include="assets\textures\shield.png">
      <Filter>Resource Files</Filter>
    </Image>
    <Image Include="assets\textures\space_invaders_bg.png">
      <Filter>Resource Files</Filter>
    </Image>
    <Image Include="assets\textures\subzero.png">
      <Filter>Resource Files</Filter>
    </Image>
    <Image Include="assets\textures\thunder_snake.png">
      <Filter>Resource Files</Filter>
    </Image>
    <Image Include="assets\textures\torpedoe.png">
      <Filter>Resource Files</Filter>
    </Image>
    <Image Include="assets\textures\tripple_laser.png">
      <Filter>Resource Files</Filter>
    </Image>
    <Image Include="assets\textures\ufo.png">
      <Filter>Resource Files</Filter>
    </Image>
    <Image Include="assets\textures\zapper.png">
      <Filter>Resource Files</Filter>
    </Image>
  </ItemGroup>
</Project>